# @generated by Move, please check-in and do not edit manually.

[move]
version = 0

dependencies = [
  { name = "LegatoMath" },
  { name = "Sui" },
  { name = "SuiSystem" },
]
manifest_digest = "2206F6C7F06546A8CBA1606DE7AA45D282C10D311B087A4C963DE0CD9D1E10F4"
deps_digest = "060AD7E57DFB13104F21BE5F5C3759D03F0553FC3229247D9A7A6B45F50D03A3"

[[move.package]]
name = "LegatoMath"
source = { git = "https://github.com/tamago-labs/legato-math.git", rev = "main", subdir = "packages/sui" }

dependencies = [
  { name = "Sui" },
  { name = "SuiSystem" },
]

[[move.package]]
name = "MoveStdlib"
source = { git = "https://github.com/MystenLabs/sui.git", rev = "framework/testnet", subdir = "crates/sui-framework/packages/move-stdlib" }

[[move.package]]
name = "Sui"
source = { git = "https://github.com/MystenLabs/sui.git", rev = "framework/testnet", subdir = "crates/sui-framework/packages/sui-framework" }

dependencies = [
  { name = "MoveStdlib" },
]

[[move.package]]
name = "SuiSystem"
source = { git = "https://github.com/MystenLabs/sui.git", rev = "framework/testnet", subdir = "crates/sui-framework/packages/sui-system" }

dependencies = [
  { name = "MoveStdlib" },
  { name = "Sui" },
]

[move.toolchain-version]
compiler-version = "1.25.3"
edition = "legacy"
flavor = "sui"

[env]

[env.testnet]
chain-id = "4c78adac"
original-published-id = "0x547cf6fede9391de49d71fe134a1c19824467f5826f0cc1843669f26264af5e9"
latest-published-id = "0x547cf6fede9391de49d71fe134a1c19824467f5826f0cc1843669f26264af5e9"
published-version = "1"

[env.mainnet]
chain-id = "35834a8a"
original-published-id = "0xd3fc3ab5f195dc72597a469f7ba2ab2aa754d28c6a70b785a6bd65a6b005151d"
latest-published-id = "0xd3fc3ab5f195dc72597a469f7ba2ab2aa754d28c6a70b785a6bd65a6b005151d"
published-version = "1"
